
Microsoft Visual Studio Solution File, Format Version 12.00
# Visual Studio Version 17
VisualStudioVersion = 17.1.32120.378
MinimumVisualStudioVersion = 10.0.40219.1
Project("{9A19103F-16F7-4668-BE54-9A1E7A4F7556}") = "BotBattlefield", "BotBattlefield\BotBattlefield.csproj", "{A259CAC2-E041-4010-82CB-2C24BCD2F07A}"
EndProject
Project("{FAE04EC0-301F-11D3-BF4B-00C04F79EFBC}") = "BotBattlefield.Test", "BotBattlefield.Test\BotBattlefield.Test.csproj", "{7E1BD70D-75E5-4A7C-B765-0FB815987FF3}"
EndProject
Global
	GlobalSection(SolutionConfigurationPlatforms) = preSolution
		Debug|Any CPU = Debug|Any CPU
		Release|Any CPU = Release|Any CPU
	EndGlobalSection
	GlobalSection(ProjectConfigurationPlatforms) = postSolution
		{A259CAC2-E041-4010-82CB-2C24BCD2F07A}.Debug|Any CPU.ActiveCfg = Debug|Any CPU
		{A259CAC2-E041-4010-82CB-2C24BCD2F07A}.Debug|Any CPU.Build.0 = Debug|Any CPU
		{A259CAC2-E041-4010-82CB-2C24BCD2F07A}.Release|Any CPU.ActiveCfg = Release|Any CPU
		{A259CAC2-E041-4010-82CB-2C24BCD2F07A}.Release|Any CPU.Build.0 = Release|Any CPU
		{7E1BD70D-75E5-4A7C-B765-0FB815987FF3}.Debug|Any CPU.ActiveCfg = Debug|Any CPU
		{7E1BD70D-75E5-4A7C-B765-0FB815987FF3}.Debug|Any CPU.Build.0 = Debug|Any CPU
		{7E1BD70D-75E5-4A7C-B765-0FB815987FF3}.Release|Any CPU.ActiveCfg = Release|Any CPU
		{7E1BD70D-75E5-4A7C-B765-0FB815987FF3}.Release|Any CPU.Build.0 = Release|Any CPU
	EndGlobalSection
	GlobalSection(SolutionProperties) = preSolution
		HideSolutionNode = FALSE
	EndGlobalSection
	GlobalSection(ExtensibilityGlobals) = postSolution
		SolutionGuid = {A1D5B69A-DC40-4843-A9C3-FE2F495AD2F5}
	EndGlobalSection
EndGlobal
